
Microsoft Visual Studio Solution File, Format Version 12.00
# Visual Studio 2012
Project("{FAE04EC0-301F-11D3-BF4B-00C04F79EFBC}") = "scoutfjallstugan.se", "scoutfjallstugan.se\scoutfjallstugan.se.csproj", "{BE7988D4-923E-40CA-A23E-21D82B9EA0F7}"
EndProject
Global
	GlobalSection(SolutionConfigurationPlatforms) = preSolution
		Debug|Any CPU = Debug|Any CPU
		Release|Any CPU = Release|Any CPU
	EndGlobalSection
	GlobalSection(ProjectConfigurationPlatforms) = postSolution
		{BE7988D4-923E-40CA-A23E-21D82B9EA0F7}.Debug|Any CPU.ActiveCfg = Debug|Any CPU
		{BE7988D4-923E-40CA-A23E-21D82B9EA0F7}.Debug|Any CPU.Build.0 = Debug|Any CPU
		{BE7988D4-923E-40CA-A23E-21D82B9EA0F7}.Release|Any CPU.ActiveCfg = Release|Any CPU
		{BE7988D4-923E-40CA-A23E-21D82B9EA0F7}.Release|Any CPU.Build.0 = Release|Any CPU
	EndGlobalSection
	GlobalSection(SolutionProperties) = preSolution
		HideSolutionNode = FALSE
	EndGlobalSection
EndGlobal
